
Microsoft Visual Studio Solution File, Format Version 12.00
# Visual Studio Version 16
VisualStudioVersion = 16.0.31515.178
MinimumVisualStudioVersion = 10.0.40219.1
Project("{9A19103F-16F7-4668-BE54-9A1E7A4F7556}") = "DES", "DES\DES.csproj", "{D348F594-3551-45E4-AF6F-9B7400A345B7}"
EndProject
Project("{9A19103F-16F7-4668-BE54-9A1E7A4F7556}") = "RSA", "..\RSA\RSA\RSA.csproj", "{FA37C2E5-4843-4851-A389-6207F0C27913}"
EndProject
Project("{9A19103F-16F7-4668-BE54-9A1E7A4F7556}") = "LR4_MZI", "..\LR4_MZI\LR4_MZI\LR4_MZI.csproj", "{73F8FF8A-D0D0-4537-AB25-FBECA35A792E}"
EndProject
Project("{9A19103F-16F7-4668-BE54-9A1E7A4F7556}") = "LR2_MZI", "..\LR2_MZI\LR2_MZI\LR2_MZI.csproj", "{379131B4-C5CB-4AF4-8501-019F18A8774D}"
EndProject
Global
	GlobalSection(SolutionConfigurationPlatforms) = preSolution
		Debug|Any CPU = Debug|Any CPU
		Release|Any CPU = Release|Any CPU
	EndGlobalSection
	GlobalSection(ProjectConfigurationPlatforms) = postSolution
		{D348F594-3551-45E4-AF6F-9B7400A345B7}.Debug|Any CPU.ActiveCfg = Debug|Any CPU
		{D348F594-3551-45E4-AF6F-9B7400A345B7}.Debug|Any CPU.Build.0 = Debug|Any CPU
		{D348F594-3551-45E4-AF6F-9B7400A345B7}.Release|Any CPU.ActiveCfg = Release|Any CPU
		{D348F594-3551-45E4-AF6F-9B7400A345B7}.Release|Any CPU.Build.0 = Release|Any CPU
		{FA37C2E5-4843-4851-A389-6207F0C27913}.Debug|Any CPU.ActiveCfg = Debug|Any CPU
		{FA37C2E5-4843-4851-A389-6207F0C27913}.Debug|Any CPU.Build.0 = Debug|Any CPU
		{FA37C2E5-4843-4851-A389-6207F0C27913}.Release|Any CPU.ActiveCfg = Release|Any CPU
		{FA37C2E5-4843-4851-A389-6207F0C27913}.Release|Any CPU.Build.0 = Release|Any CPU
		{73F8FF8A-D0D0-4537-AB25-FBECA35A792E}.Debug|Any CPU.ActiveCfg = Debug|Any CPU
		{73F8FF8A-D0D0-4537-AB25-FBECA35A792E}.Debug|Any CPU.Build.0 = Debug|Any CPU
		{73F8FF8A-D0D0-4537-AB25-FBECA35A792E}.Release|Any CPU.ActiveCfg = Release|Any CPU
		{73F8FF8A-D0D0-4537-AB25-FBECA35A792E}.Release|Any CPU.Build.0 = Release|Any CPU
		{379131B4-C5CB-4AF4-8501-019F18A8774D}.Debug|Any CPU.ActiveCfg = Debug|Any CPU
		{379131B4-C5CB-4AF4-8501-019F18A8774D}.Debug|Any CPU.Build.0 = Debug|Any CPU
		{379131B4-C5CB-4AF4-8501-019F18A8774D}.Release|Any CPU.ActiveCfg = Release|Any CPU
		{379131B4-C5CB-4AF4-8501-019F18A8774D}.Release|Any CPU.Build.0 = Release|Any CPU
	EndGlobalSection
	GlobalSection(SolutionProperties) = preSolution
		HideSolutionNode = FALSE
	EndGlobalSection
	GlobalSection(ExtensibilityGlobals) = postSolution
		SolutionGuid = {C7441623-0376-4100-A4ED-CE673A70624D}
	EndGlobalSection
EndGlobal
