
Microsoft Visual Studio Solution File, Format Version 12.00
# Visual Studio Version 16
VisualStudioVersion = 16.0.31515.178
MinimumVisualStudioVersion = 10.0.40219.1
Project("{9A19103F-16F7-4668-BE54-9A1E7A4F7556}") = "LR5", "LR5\LR5.csproj", "{527CE048-13B9-4D72-A953-F65A03F01DDA}"
EndProject
Project("{9A19103F-16F7-4668-BE54-9A1E7A4F7556}") = "LR6", "..\LR6\LR6\LR6.csproj", "{DA253C05-B4BB-4CAB-8ADF-F123D76862C5}"
EndProject
Project("{9A19103F-16F7-4668-BE54-9A1E7A4F7556}") = "LR7", "..\LR7\LR7\LR7.csproj", "{EEB7379B-BB44-47C9-9828-E7CB09DEE50F}"
EndProject
Global
	GlobalSection(SolutionConfigurationPlatforms) = preSolution
		Debug|Any CPU = Debug|Any CPU
		Release|Any CPU = Release|Any CPU
	EndGlobalSection
	GlobalSection(ProjectConfigurationPlatforms) = postSolution
		{527CE048-13B9-4D72-A953-F65A03F01DDA}.Debug|Any CPU.ActiveCfg = Debug|Any CPU
		{527CE048-13B9-4D72-A953-F65A03F01DDA}.Debug|Any CPU.Build.0 = Debug|Any CPU
		{527CE048-13B9-4D72-A953-F65A03F01DDA}.Release|Any CPU.ActiveCfg = Release|Any CPU
		{527CE048-13B9-4D72-A953-F65A03F01DDA}.Release|Any CPU.Build.0 = Release|Any CPU
		{DA253C05-B4BB-4CAB-8ADF-F123D76862C5}.Debug|Any CPU.ActiveCfg = Debug|Any CPU
		{DA253C05-B4BB-4CAB-8ADF-F123D76862C5}.Debug|Any CPU.Build.0 = Debug|Any CPU
		{DA253C05-B4BB-4CAB-8ADF-F123D76862C5}.Release|Any CPU.ActiveCfg = Release|Any CPU
		{DA253C05-B4BB-4CAB-8ADF-F123D76862C5}.Release|Any CPU.Build.0 = Release|Any CPU
		{EEB7379B-BB44-47C9-9828-E7CB09DEE50F}.Debug|Any CPU.ActiveCfg = Debug|Any CPU
		{EEB7379B-BB44-47C9-9828-E7CB09DEE50F}.Debug|Any CPU.Build.0 = Debug|Any CPU
		{EEB7379B-BB44-47C9-9828-E7CB09DEE50F}.Release|Any CPU.ActiveCfg = Release|Any CPU
		{EEB7379B-BB44-47C9-9828-E7CB09DEE50F}.Release|Any CPU.Build.0 = Release|Any CPU
	EndGlobalSection
	GlobalSection(SolutionProperties) = preSolution
		HideSolutionNode = FALSE
	EndGlobalSection
	GlobalSection(ExtensibilityGlobals) = postSolution
		SolutionGuid = {3BAFF042-9751-4A4D-8CC6-26DFF9BC3CC4}
	EndGlobalSection
EndGlobal
